
Microsoft Visual Studio Solution File, Format Version 12.00
# Visual Studio 15
Project("{FAE04EC0-301F-11D3-BF4B-00C04F79EFBC}") = "Server", "Server.csproj", "{16D48220-01AF-42ED-83DF-507CCADF3A4F}"
EndProject
Global
	GlobalSection(SolutionConfigurationPlatforms) = preSolution
		Debug|anycpu = Debug|anycpu
		Release|anycpu = Release|anycpu
	EndGlobalSection
	GlobalSection(ProjectConfigurationPlatforms) = postSolution
		{16D48220-01AF-42ED-83DF-507CCADF3A4F}.Debug|anycpu.ActiveCfg = Debug|anycpu
		{16D48220-01AF-42ED-83DF-507CCADF3A4F}.Debug|anycpu.Build.0 = Debug|anycpu
		{16D48220-01AF-42ED-83DF-507CCADF3A4F}.Release|anycpu.ActiveCfg = Release|anycpu
		{16D48220-01AF-42ED-83DF-507CCADF3A4F}.Release|anycpu.Build.0 = Release|anycpu
	EndGlobalSection
EndGlobal
