
Microsoft Visual Studio Solution File, Format Version 12.00
# Visual Studio Version 16
VisualStudioVersion = 16.0.29911.84
MinimumVisualStudioVersion = 10.0.40219.1
Project("{FAE04EC0-301F-11D3-BF4B-00C04F79EFBC}") = "Server", "Server.csproj", "{F781FBD9-0A21-4831-9DD5-87BD02954D3F}"
EndProject
Global
	GlobalSection(SolutionConfigurationPlatforms) = preSolution
		Debug|Any CPU = Debug|Any CPU
		Release|Any CPU = Release|Any CPU
	EndGlobalSection
	GlobalSection(ProjectConfigurationPlatforms) = postSolution
		{F781FBD9-0A21-4831-9DD5-87BD02954D3F}.Debug|Any CPU.ActiveCfg = Debug|Any CPU
		{F781FBD9-0A21-4831-9DD5-87BD02954D3F}.Debug|Any CPU.Build.0 = Debug|Any CPU
		{F781FBD9-0A21-4831-9DD5-87BD02954D3F}.Release|Any CPU.ActiveCfg = Release|Any CPU
		{F781FBD9-0A21-4831-9DD5-87BD02954D3F}.Release|Any CPU.Build.0 = Release|Any CPU
	EndGlobalSection
	GlobalSection(SolutionProperties) = preSolution
		HideSolutionNode = FALSE
	EndGlobalSection
	GlobalSection(ExtensibilityGlobals) = postSolution
		SolutionGuid = {3AE63E13-EE85-4D67-9DC1-82727DA5B71B}
	EndGlobalSection
EndGlobal
